
Microsoft Visual Studio Solution File, Format Version 12.00
# Visual Studio 2013
VisualStudioVersion = 12.0.31101.0
MinimumVisualStudioVersion = 10.0.40219.1
Project("{FAE04EC0-301F-11D3-BF4B-00C04F79EFBC}") = "LogicCircuit", "LogicCircuit\LogicCircuit.csproj", "{45ED9DDA-67B2-4AA9-BB4C-65A9684060AE}"
	ProjectSection(ProjectDependencies) = postProject
		{B543E594-A653-4E16-9203-5C833D430A8C} = {B543E594-A653-4E16-9203-5C833D430A8C}
		{1F9944A5-5A8C-4298-A2A7-B57FBBE6D6CD} = {1F9944A5-5A8C-4298-A2A7-B57FBBE6D6CD}
	EndProjectSection
EndProject
Project("{FAE04EC0-301F-11D3-BF4B-00C04F79EFBC}") = "ResourceWrapper.Generator", "Tools\ResourceWrapper.Generator\ResourceWrapper.Generator.csproj", "{B543E594-A653-4E16-9203-5C833D430A8C}"
EndProject
Project("{FAE04EC0-301F-11D3-BF4B-00C04F79EFBC}") = "ItemWrapper.Generator", "Tools\ItemWrapper.Generator\ItemWrapper.Generator.csproj", "{1F9944A5-5A8C-4298-A2A7-B57FBBE6D6CD}"
	ProjectSection(ProjectDependencies) = postProject
		{B543E594-A653-4E16-9203-5C833D430A8C} = {B543E594-A653-4E16-9203-5C833D430A8C}
	EndProjectSection
EndProject
Project("{FAE04EC0-301F-11D3-BF4B-00C04F79EFBC}") = "LogicCircuit.UnitTest", "LogicCircuit.UnitTest\LogicCircuit.UnitTest.csproj", "{4938E321-A7F8-455F-8EFD-4E968949C568}"
EndProject
Project("{2150E333-8FDC-42A3-9474-1A3956D46DE8}") = "Solution Items", "Solution Items", "{B239D200-EE98-44AF-9CAC-FA9296B1323B}"
	ProjectSection(SolutionItems) = preProject
		ReleaseCheckList.txt = ReleaseCheckList.txt
		ToDoList.txt = ToDoList.txt
	EndProjectSection
EndProject
Project("{2150E333-8FDC-42A3-9474-1A3956D46DE8}") = "Tools", "Tools", "{CB4E8339-8103-4966-B911-ADFAF3D68FBD}"
EndProject
Project("{FAE04EC0-301F-11D3-BF4B-00C04F79EFBC}") = "FindUnusedResources", "Tools\FindUnusedResources\FindUnusedResources.csproj", "{AB214504-19D6-4ABB-8EF4-3F674AD18790}"
EndProject
Project("{930C7802-8A8C-48F9-8165-68863BCCD9DD}") = "Setup", "Setup\Setup.wixproj", "{7F6164FF-4A14-493D-AD0E-E6DD127FC64E}"
EndProject
Global
	GlobalSection(SolutionConfigurationPlatforms) = preSolution
		Debug|Any CPU = Debug|Any CPU
		Debug|Mixed Platforms = Debug|Mixed Platforms
		Release|Any CPU = Release|Any CPU
		Release|Mixed Platforms = Release|Mixed Platforms
	EndGlobalSection
	GlobalSection(ProjectConfigurationPlatforms) = postSolution
		{45ED9DDA-67B2-4AA9-BB4C-65A9684060AE}.Debug|Any CPU.ActiveCfg = Debug|Any CPU
		{45ED9DDA-67B2-4AA9-BB4C-65A9684060AE}.Debug|Any CPU.Build.0 = Debug|Any CPU
		{45ED9DDA-67B2-4AA9-BB4C-65A9684060AE}.Debug|Mixed Platforms.ActiveCfg = Debug|Any CPU
		{45ED9DDA-67B2-4AA9-BB4C-65A9684060AE}.Debug|Mixed Platforms.Build.0 = Debug|Any CPU
		{45ED9DDA-67B2-4AA9-BB4C-65A9684060AE}.Release|Any CPU.ActiveCfg = Release|Any CPU
		{45ED9DDA-67B2-4AA9-BB4C-65A9684060AE}.Release|Any CPU.Build.0 = Release|Any CPU
		{45ED9DDA-67B2-4AA9-BB4C-65A9684060AE}.Release|Mixed Platforms.ActiveCfg = Release|Any CPU
		{45ED9DDA-67B2-4AA9-BB4C-65A9684060AE}.Release|Mixed Platforms.Build.0 = Release|Any CPU
		{B543E594-A653-4E16-9203-5C833D430A8C}.Debug|Any CPU.ActiveCfg = Debug|Any CPU
		{B543E594-A653-4E16-9203-5C833D430A8C}.Debug|Any CPU.Build.0 = Debug|Any CPU
		{B543E594-A653-4E16-9203-5C833D430A8C}.Debug|Mixed Platforms.ActiveCfg = Debug|Any CPU
		{B543E594-A653-4E16-9203-5C833D430A8C}.Debug|Mixed Platforms.Build.0 = Debug|Any CPU
		{B543E594-A653-4E16-9203-5C833D430A8C}.Release|Any CPU.ActiveCfg = Release|Any CPU
		{B543E594-A653-4E16-9203-5C833D430A8C}.Release|Any CPU.Build.0 = Release|Any CPU
		{B543E594-A653-4E16-9203-5C833D430A8C}.Release|Mixed Platforms.ActiveCfg = Release|Any CPU
		{B543E594-A653-4E16-9203-5C833D430A8C}.Release|Mixed Platforms.Build.0 = Release|Any CPU
		{1F9944A5-5A8C-4298-A2A7-B57FBBE6D6CD}.Debug|Any CPU.ActiveCfg = Debug|Any CPU
		{1F9944A5-5A8C-4298-A2A7-B57FBBE6D6CD}.Debug|Any CPU.Build.0 = Debug|Any CPU
		{1F9944A5-5A8C-4298-A2A7-B57FBBE6D6CD}.Debug|Mixed Platforms.ActiveCfg = Debug|Any CPU
		{1F9944A5-5A8C-4298-A2A7-B57FBBE6D6CD}.Debug|Mixed Platforms.Build.0 = Debug|Any CPU
		{1F9944A5-5A8C-4298-A2A7-B57FBBE6D6CD}.Release|Any CPU.ActiveCfg = Release|Any CPU
		{1F9944A5-5A8C-4298-A2A7-B57FBBE6D6CD}.Release|Any CPU.Build.0 = Release|Any CPU
		{1F9944A5-5A8C-4298-A2A7-B57FBBE6D6CD}.Release|Mixed Platforms.ActiveCfg = Release|Any CPU
		{1F9944A5-5A8C-4298-A2A7-B57FBBE6D6CD}.Release|Mixed Platforms.Build.0 = Release|Any CPU
		{4938E321-A7F8-455F-8EFD-4E968949C568}.Debug|Any CPU.ActiveCfg = Debug|Any CPU
		{4938E321-A7F8-455F-8EFD-4E968949C568}.Debug|Any CPU.Build.0 = Debug|Any CPU
		{4938E321-A7F8-455F-8EFD-4E968949C568}.Debug|Mixed Platforms.ActiveCfg = Debug|Any CPU
		{4938E321-A7F8-455F-8EFD-4E968949C568}.Debug|Mixed Platforms.Build.0 = Debug|Any CPU
		{4938E321-A7F8-455F-8EFD-4E968949C568}.Release|Any CPU.ActiveCfg = Release|Any CPU
		{4938E321-A7F8-455F-8EFD-4E968949C568}.Release|Any CPU.Build.0 = Release|Any CPU
		{4938E321-A7F8-455F-8EFD-4E968949C568}.Release|Mixed Platforms.ActiveCfg = Release|Any CPU
		{4938E321-A7F8-455F-8EFD-4E968949C568}.Release|Mixed Platforms.Build.0 = Release|Any CPU
		{AB214504-19D6-4ABB-8EF4-3F674AD18790}.Debug|Any CPU.ActiveCfg = Debug|Any CPU
		{AB214504-19D6-4ABB-8EF4-3F674AD18790}.Debug|Mixed Platforms.ActiveCfg = Debug|Any CPU
		{AB214504-19D6-4ABB-8EF4-3F674AD18790}.Release|Any CPU.ActiveCfg = Release|Any CPU
		{AB214504-19D6-4ABB-8EF4-3F674AD18790}.Release|Mixed Platforms.ActiveCfg = Release|Any CPU
		{7F6164FF-4A14-493D-AD0E-E6DD127FC64E}.Debug|Any CPU.ActiveCfg = Debug|x86
		{7F6164FF-4A14-493D-AD0E-E6DD127FC64E}.Debug|Mixed Platforms.ActiveCfg = Debug|x86
		{7F6164FF-4A14-493D-AD0E-E6DD127FC64E}.Release|Any CPU.ActiveCfg = Release|x86
		{7F6164FF-4A14-493D-AD0E-E6DD127FC64E}.Release|Mixed Platforms.ActiveCfg = Release|x86
	EndGlobalSection
	GlobalSection(SolutionProperties) = preSolution
		HideSolutionNode = FALSE
	EndGlobalSection
	GlobalSection(NestedProjects) = preSolution
		{B543E594-A653-4E16-9203-5C833D430A8C} = {CB4E8339-8103-4966-B911-ADFAF3D68FBD}
		{1F9944A5-5A8C-4298-A2A7-B57FBBE6D6CD} = {CB4E8339-8103-4966-B911-ADFAF3D68FBD}
		{AB214504-19D6-4ABB-8EF4-3F674AD18790} = {CB4E8339-8103-4966-B911-ADFAF3D68FBD}
	EndGlobalSection
EndGlobal
